{
  "nodes": {
    "nixpkgs": {
      "flake": false,
      "locked": {
        "lastModified": 1563203036,
        "narHash": "sha256-t4qofIU5eQ+w8ZnDm44NCMhV0Or6u87YZ3b6ZRQJ1EI=",
        "owner": "nixos",
        "repo": "nixpkgs",
        "rev": "6a0a07318763375dd90125fdf73f690e6c49687e",
        "type": "github"
      },
      "original": {
        "owner": "nixos",
        "repo": "nixpkgs",
        "rev": "6a0a07318763375dd90125fdf73f690e6c49687e",
        "type": "github"
      }
    },
    "root": {
      "inputs": {
        "nixpkgs": "nixpkgs"
      }
    }
  },
  "root": "root",
  "version": 7
}
